// !$*UTF8*$!
{
	archiveVersion = 1;
	classes = {
	};
	objectVersion = 50;
	objects = {

/* Begin PBXBuildFile section */
		840448732646796300C8EA7F /* AppDelegate.swift in Sources */ = {isa = PBXBuildFile; fileRef = 840448722646796300C8EA7F /* AppDelegate.swift */; };
		840448752646796300C8EA7F /* SceneDelegate.swift in Sources */ = {isa = PBXBuildFile; fileRef = 840448742646796300C8EA7F /* SceneDelegate.swift */; };
		8404487D2646796300C8EA7F /* Homework_iOS.xcdatamodeld in Sources */ = {isa = PBXBuildFile; fileRef = 8404487B2646796300C8EA7F /* Homework_iOS.xcdatamodeld */; };
		8404487F2646796500C8EA7F /* Assets.xcassets in Resources */ = {isa = PBXBuildFile; fileRef = 8404487E2646796500C8EA7F /* Assets.xcassets */; };
		840448822646796500C8EA7F /* LaunchScreen.storyboard in Resources */ = {isa = PBXBuildFile; fileRef = 840448802646796500C8EA7F /* LaunchScreen.storyboard */; };
		8404488D2646796500C8EA7F /* Homework_iOSTests.swift in Sources */ = {isa = PBXBuildFile; fileRef = 8404488C2646796500C8EA7F /* Homework_iOSTests.swift */; };
		840448982646796500C8EA7F /* Homework_iOSUITests.swift in Sources */ = {isa = PBXBuildFile; fileRef = 840448972646796500C8EA7F /* Homework_iOSUITests.swift */; };
		840448B626467A3600C8EA7F /* HomeViewController.swift in Sources */ = {isa = PBXBuildFile; fileRef = 840448B426467A3600C8EA7F /* HomeViewController.swift */; };
		840448B726467A3600C8EA7F /* HomeViewController.xib in Resources */ = {isa = PBXBuildFile; fileRef = 840448B526467A3600C8EA7F /* HomeViewController.xib */; };
		840448C126467AD700C8EA7F /* PaymentTableViewCell.swift in Sources */ = {isa = PBXBuildFile; fileRef = 840448BF26467AD700C8EA7F /* PaymentTableViewCell.swift */; };
		840448C226467AD700C8EA7F /* PaymentTableViewCell.xib in Resources */ = {isa = PBXBuildFile; fileRef = 840448C026467AD700C8EA7F /* PaymentTableViewCell.xib */; };
/* End PBXBuildFile section */

/* Begin PBXContainerItemProxy section */
		840448892646796500C8EA7F /* PBXContainerItemProxy */ = {
			isa = PBXContainerItemProxy;
			containerPortal = 840448672646796300C8EA7F /* Project object */;
			proxyType = 1;
			remoteGlobalIDString = 8404486E2646796300C8EA7F;
			remoteInfo = "Homework-iOS";
		};
		840448942646796500C8EA7F /* PBXContainerItemProxy */ = {
			isa = PBXContainerItemProxy;
			containerPortal = 840448672646796300C8EA7F /* Project object */;
			proxyType = 1;
			remoteGlobalIDString = 8404486E2646796300C8EA7F;
			remoteInfo = "Homework-iOS";
		};
/* End PBXContainerItemProxy section */

/* Begin PBXFileReference section */
		8404486F2646796300C8EA7F /* Homework-iOS.app */ = {isa = PBXFileReference; explicitFileType = wrapper.application; includeInIndex = 0; path = "Homework-iOS.app"; sourceTree = BUILT_PRODUCTS_DIR; };
		840448722646796300C8EA7F /* AppDelegate.swift */ = {isa = PBXFileReference; lastKnownFileType = sourcecode.swift; path = AppDelegate.swift; sourceTree = "<group>"; };
		840448742646796300C8EA7F /* SceneDelegate.swift */ = {isa = PBXFileReference; lastKnownFileType = sourcecode.swift; path = SceneDelegate.swift; sourceTree = "<group>"; };
		8404487C2646796300C8EA7F /* Homework_iOS.xcdatamodel */ = {isa = PBXFileReference; lastKnownFileType = wrapper.xcdatamodel; path = Homework_iOS.xcdatamodel; sourceTree = "<group>"; };
		8404487E2646796500C8EA7F /* Assets.xcassets */ = {isa = PBXFileReference; lastKnownFileType = folder.assetcatalog; path = Assets.xcassets; sourceTree = "<group>"; };
		840448812646796500C8EA7F /* Base */ = {isa = PBXFileReference; lastKnownFileType = file.storyboard; name = Base; path = Base.lproj/LaunchScreen.storyboard; sourceTree = "<group>"; };
		840448832646796500C8EA7F /* Info.plist */ = {isa = PBXFileReference; lastKnownFileType = text.plist.xml; path = Info.plist; sourceTree = "<group>"; };
		840448882646796500C8EA7F /* Homework-iOSTests.xctest */ = {isa = PBXFileReference; explicitFileType = wrapper.cfbundle; includeInIndex = 0; path = "Homework-iOSTests.xctest"; sourceTree = BUILT_PRODUCTS_DIR; };
		8404488C2646796500C8EA7F /* Homework_iOSTests.swift */ = {isa = PBXFileReference; lastKnownFileType = sourcecode.swift; path = Homework_iOSTests.swift; sourceTree = "<group>"; };
		8404488E2646796500C8EA7F /* Info.plist */ = {isa = PBXFileReference; lastKnownFileType = text.plist.xml; path = Info.plist; sourceTree = "<group>"; };
		840448932646796500C8EA7F /* Homework-iOSUITests.xctest */ = {isa = PBXFileReference; explicitFileType = wrapper.cfbundle; includeInIndex = 0; path = "Homework-iOSUITests.xctest"; sourceTree = BUILT_PRODUCTS_DIR; };
		840448972646796500C8EA7F /* Homework_iOSUITests.swift */ = {isa = PBXFileReference; lastKnownFileType = sourcecode.swift; path = Homework_iOSUITests.swift; sourceTree = "<group>"; };
		840448992646796500C8EA7F /* Info.plist */ = {isa = PBXFileReference; lastKnownFileType = text.plist.xml; path = Info.plist; sourceTree = "<group>"; };
		840448B426467A3600C8EA7F /* HomeViewController.swift */ = {isa = PBXFileReference; lastKnownFileType = sourcecode.swift; path = HomeViewController.swift; sourceTree = "<group>"; };
		840448B526467A3600C8EA7F /* HomeViewController.xib */ = {isa = PBXFileReference; lastKnownFileType = file.xib; path = HomeViewController.xib; sourceTree = "<group>"; };
		840448BF26467AD700C8EA7F /* PaymentTableViewCell.swift */ = {isa = PBXFileReference; lastKnownFileType = sourcecode.swift; path = PaymentTableViewCell.swift; sourceTree = "<group>"; };
		840448C026467AD700C8EA7F /* PaymentTableViewCell.xib */ = {isa = PBXFileReference; lastKnownFileType = file.xib; path = PaymentTableViewCell.xib; sourceTree = "<group>"; };
/* End PBXFileReference section */

/* Begin PBXFrameworksBuildPhase section */
		8404486C2646796300C8EA7F /* Frameworks */ = {
			isa = PBXFrameworksBuildPhase;
			buildActionMask = 2147483647;
			files = (
			);
			runOnlyForDeploymentPostprocessing = 0;
		};
		840448852646796500C8EA7F /* Frameworks */ = {
			isa = PBXFrameworksBuildPhase;
			buildActionMask = 2147483647;
			files = (
			);
			runOnlyForDeploymentPostprocessing = 0;
		};
		840448902646796500C8EA7F /* Frameworks */ = {
			isa = PBXFrameworksBuildPhase;
			buildActionMask = 2147483647;
			files = (
			);
			runOnlyForDeploymentPostprocessing = 0;
		};
/* End PBXFrameworksBuildPhase section */

/* Begin PBXGroup section */
		840448662646796300C8EA7F = {
			isa = PBXGroup;
			children = (
				840448712646796300C8EA7F /* Homework-iOS */,
				8404488B2646796500C8EA7F /* Homework-iOSTests */,
				840448962646796500C8EA7F /* Homework-iOSUITests */,
				840448702646796300C8EA7F /* Products */,
			);
			sourceTree = "<group>";
		};
		840448702646796300C8EA7F /* Products */ = {
			isa = PBXGroup;
			children = (
				8404486F2646796300C8EA7F /* Homework-iOS.app */,
				840448882646796500C8EA7F /* Homework-iOSTests.xctest */,
				840448932646796500C8EA7F /* Homework-iOSUITests.xctest */,
			);
			name = Products;
			sourceTree = "<group>";
		};
		840448712646796300C8EA7F /* Homework-iOS */ = {
			isa = PBXGroup;
			children = (
				840448722646796300C8EA7F /* AppDelegate.swift */,
				840448742646796300C8EA7F /* SceneDelegate.swift */,
				840448B326467A1500C8EA7F /* Networking */,
				840448B226467A1000C8EA7F /* Model */,
				840448B1264679FE00C8EA7F /* Enum */,
				840448AF264679EF00C8EA7F /* Helper */,
				840448AE264679E900C8EA7F /* ViewControllers */,
				8404487E2646796500C8EA7F /* Assets.xcassets */,
				840448802646796500C8EA7F /* LaunchScreen.storyboard */,
				840448832646796500C8EA7F /* Info.plist */,
				8404487B2646796300C8EA7F /* Homework_iOS.xcdatamodeld */,
			);
			path = "Homework-iOS";
			sourceTree = "<group>";
		};
		8404488B2646796500C8EA7F /* Homework-iOSTests */ = {
			isa = PBXGroup;
			children = (
				8404488C2646796500C8EA7F /* Homework_iOSTests.swift */,
				8404488E2646796500C8EA7F /* Info.plist */,
			);
			path = "Homework-iOSTests";
			sourceTree = "<group>";
		};
		840448962646796500C8EA7F /* Homework-iOSUITests */ = {
			isa = PBXGroup;
			children = (
				840448972646796500C8EA7F /* Homework_iOSUITests.swift */,
				840448992646796500C8EA7F /* Info.plist */,
			);
			path = "Homework-iOSUITests";
			sourceTree = "<group>";
		};
		840448AE264679E900C8EA7F /* ViewControllers */ = {
			isa = PBXGroup;
			children = (
				840448BE26467AB800C8EA7F /* PaymentTableCell */,
				840448B426467A3600C8EA7F /* HomeViewController.swift */,
				840448B526467A3600C8EA7F /* HomeViewController.xib */,
			);
			path = ViewControllers;
			sourceTree = "<group>";
		};
		840448AF264679EF00C8EA7F /* Helper */ = {
			isa = PBXGroup;
			children = (
			);
			path = Helper;
			sourceTree = "<group>";
		};
		840448B1264679FE00C8EA7F /* Enum */ = {
			isa = PBXGroup;
			children = (
			);
			path = Enum;
			sourceTree = "<group>";
		};
		840448B226467A1000C8EA7F /* Model */ = {
			isa = PBXGroup;
			children = (
			);
			path = Model;
			sourceTree = "<group>";
		};
		840448B326467A1500C8EA7F /* Networking */ = {
			isa = PBXGroup;
			children = (
			);
			path = Networking;
			sourceTree = "<group>";
		};
		840448BE26467AB800C8EA7F /* PaymentTableCell */ = {
			isa = PBXGroup;
			children = (
				840448BF26467AD700C8EA7F /* PaymentTableViewCell.swift */,
				840448C026467AD700C8EA7F /* PaymentTableViewCell.xib */,
			);
			path = PaymentTableCell;
			sourceTree = "<group>";
		};
/* End PBXGroup section */

/* Begin PBXNativeTarget section */
		8404486E2646796300C8EA7F /* Homework-iOS */ = {
			isa = PBXNativeTarget;
			buildConfigurationList = 8404489C2646796500C8EA7F /* Build configuration list for PBXNativeTarget "Homework-iOS" */;
			buildPhases = (
				8404486B2646796300C8EA7F /* Sources */,
				8404486C2646796300C8EA7F /* Frameworks */,
				8404486D2646796300C8EA7F /* Resources */,
			);
			buildRules = (
			);
			dependencies = (
			);
			name = "Homework-iOS";
			productName = "Homework-iOS";
			productReference = 8404486F2646796300C8EA7F /* Homework-iOS.app */;
			productType = "com.apple.product-type.application";
		};
		840448872646796500C8EA7F /* Homework-iOSTests */ = {
			isa = PBXNativeTarget;
			buildConfigurationList = 8404489F2646796500C8EA7F /* Build configuration list for PBXNativeTarget "Homework-iOSTests" */;
			buildPhases = (
				840448842646796500C8EA7F /* Sources */,
				840448852646796500C8EA7F /* Frameworks */,
				840448862646796500C8EA7F /* Resources */,
			);
			buildRules = (
			);
			dependencies = (
				8404488A2646796500C8EA7F /* PBXTargetDependency */,
			);
			name = "Homework-iOSTests";
			productName = "Homework-iOSTests";
			productReference = 840448882646796500C8EA7F /* Homework-iOSTests.xctest */;
			productType = "com.apple.product-type.bundle.unit-test";
		};
		840448922646796500C8EA7F /* Homework-iOSUITests */ = {
			isa = PBXNativeTarget;
			buildConfigurationList = 840448A22646796500C8EA7F /* Build configuration list for PBXNativeTarget "Homework-iOSUITests" */;
			buildPhases = (
				8404488F2646796500C8EA7F /* Sources */,
				840448902646796500C8EA7F /* Frameworks */,
				840448912646796500C8EA7F /* Resources */,
			);
			buildRules = (
			);
			dependencies = (
				840448952646796500C8EA7F /* PBXTargetDependency */,
			);
			name = "Homework-iOSUITests";
			productName = "Homework-iOSUITests";
			productReference = 840448932646796500C8EA7F /* Homework-iOSUITests.xctest */;
			productType = "com.apple.product-type.bundle.ui-testing";
		};
/* End PBXNativeTarget section */

/* Begin PBXProject section */
		840448672646796300C8EA7F /* Project object */ = {
			isa = PBXProject;
			attributes = {
				LastSwiftUpdateCheck = 1240;
				LastUpgradeCheck = 1240;
				TargetAttributes = {
					8404486E2646796300C8EA7F = {
						CreatedOnToolsVersion = 12.4;
					};
					840448872646796500C8EA7F = {
						CreatedOnToolsVersion = 12.4;
						TestTargetID = 8404486E2646796300C8EA7F;
					};
					840448922646796500C8EA7F = {
						CreatedOnToolsVersion = 12.4;
						TestTargetID = 8404486E2646796300C8EA7F;
					};
				};
			};
			buildConfigurationList = 8404486A2646796300C8EA7F /* Build configuration list for PBXProject "Homework-iOS" */;
			compatibilityVersion = "Xcode 9.3";
			developmentRegion = en;
			hasScannedForEncodings = 0;
			knownRegions = (
				en,
				Base,
			);
			mainGroup = 840448662646796300C8EA7F;
			productRefGroup = 840448702646796300C8EA7F /* Products */;
			projectDirPath = "";
			projectRoot = "";
			targets = (
				8404486E2646796300C8EA7F /* Homework-iOS */,
				840448872646796500C8EA7F /* Homework-iOSTests */,
				840448922646796500C8EA7F /* Homework-iOSUITests */,
			);
		};
/* End PBXProject section */

/* Begin PBXResourcesBuildPhase section */
		8404486D2646796300C8EA7F /* Resources */ = {
			isa = PBXResourcesBuildPhase;
			buildActionMask = 2147483647;
			files = (
				840448822646796500C8EA7F /* LaunchScreen.storyboard in Resources */,
				8404487F2646796500C8EA7F /* Assets.xcassets in Resources */,
				840448C226467AD700C8EA7F /* PaymentTableViewCell.xib in Resources */,
				840448B726467A3600C8EA7F /* HomeViewController.xib in Resources */,
			);
			runOnlyForDeploymentPostprocessing = 0;
		};
		840448862646796500C8EA7F /* Resources */ = {
			isa = PBXResourcesBuildPhase;
			buildActionMask = 2147483647;
			files = (
			);
			runOnlyForDeploymentPostprocessing = 0;
		};
		840448912646796500C8EA7F /* Resources */ = {
			isa = PBXResourcesBuildPhase;
			buildActionMask = 2147483647;
			files = (
			);
			runOnlyForDeploymentPostprocessing = 0;
		};
/* End PBXResourcesBuildPhase section */

/* Begin PBXSourcesBuildPhase section */
		8404486B2646796300C8EA7F /* Sources */ = {
			isa = PBXSourcesBuildPhase;
			buildActionMask = 2147483647;
			files = (
				840448C126467AD700C8EA7F /* PaymentTableViewCell.swift in Sources */,
				840448732646796300C8EA7F /* AppDelegate.swift in Sources */,
				840448752646796300C8EA7F /* SceneDelegate.swift in Sources */,
				8404487D2646796300C8EA7F /* Homework_iOS.xcdatamodeld in Sources */,
				840448B626467A3600C8EA7F /* HomeViewController.swift in Sources */,
			);
			runOnlyForDeploymentPostprocessing = 0;
		};
		840448842646796500C8EA7F /* Sources */ = {
			isa = PBXSourcesBuildPhase;
			buildActionMask = 2147483647;
			files = (
				8404488D2646796500C8EA7F /* Homework_iOSTests.swift in Sources */,
			);
			runOnlyForDeploymentPostprocessing = 0;
		};
		8404488F2646796500C8EA7F /* Sources */ = {
			isa = PBXSourcesBuildPhase;
			buildActionMask = 2147483647;
			files = (
				840448982646796500C8EA7F /* Homework_iOSUITests.swift in Sources */,
			);
			runOnlyForDeploymentPostprocessing = 0;
		};
/* End PBXSourcesBuildPhase section */

/* Begin PBXTargetDependency section */
		8404488A2646796500C8EA7F /* PBXTargetDependency */ = {
			isa = PBXTargetDependency;
			target = 8404486E2646796300C8EA7F /* Homework-iOS */;
			targetProxy = 840448892646796500C8EA7F /* PBXContainerItemProxy */;
		};
		840448952646796500C8EA7F /* PBXTargetDependency */ = {
			isa = PBXTargetDependency;
			target = 8404486E2646796300C8EA7F /* Homework-iOS */;
			targetProxy = 840448942646796500C8EA7F /* PBXContainerItemProxy */;
		};
/* End PBXTargetDependency section */

/* Begin PBXVariantGroup section */
		840448802646796500C8EA7F /* LaunchScreen.storyboard */ = {
			isa = PBXVariantGroup;
			children = (
				840448812646796500C8EA7F /* Base */,
			);
			name = LaunchScreen.storyboard;
			sourceTree = "<group>";
		};
/* End PBXVariantGroup section */

/* Begin XCBuildConfiguration section */
		8404489A2646796500C8EA7F /* Debug */ = {
			isa = XCBuildConfiguration;
			buildSettings = {
				ALWAYS_SEARCH_USER_PATHS = NO;
				CLANG_ANALYZER_NONNULL = YES;
				CLANG_ANALYZER_NUMBER_OBJECT_CONVERSION = YES_AGGRESSIVE;
				CLANG_CXX_LANGUAGE_STANDARD = "gnu++14";
				CLANG_CXX_LIBRARY = "libc++";
				CLANG_ENABLE_MODULES = YES;
				CLANG_ENABLE_OBJC_ARC = YES;
				CLANG_ENABLE_OBJC_WEAK = YES;
				CLANG_WARN_BLOCK_CAPTURE_AUTORELEASING = YES;
				CLANG_WARN_BOOL_CONVERSION = YES;
				CLANG_WARN_COMMA = YES;
				CLANG_WARN_CONSTANT_CONVERSION = YES;
				CLANG_WARN_DEPRECATED_OBJC_IMPLEMENTATIONS = YES;
				CLANG_WARN_DIRECT_OBJC_ISA_USAGE = YES_ERROR;
				CLANG_WARN_DOCUMENTATION_COMMENTS = YES;
				CLANG_WARN_EMPTY_BODY = YES;
				CLANG_WARN_ENUM_CONVERSION = YES;
				CLANG_WARN_INFINITE_RECURSION = YES;
				CLANG_WARN_INT_CONVERSION = YES;
				CLANG_WARN_NON_LITERAL_NULL_CONVERSION = YES;
				CLANG_WARN_OBJC_IMPLICIT_RETAIN_SELF = YES;
				CLANG_WARN_OBJC_LITERAL_CONVERSION = YES;
				CLANG_WARN_OBJC_ROOT_CLASS = YES_ERROR;
				CLANG_WARN_QUOTED_INCLUDE_IN_FRAMEWORK_HEADER = YES;
				CLANG_WARN_RANGE_LOOP_ANALYSIS = YES;
				CLANG_WARN_STRICT_PROTOTYPES = YES;
				CLANG_WARN_SUSPICIOUS_MOVE = YES;
				CLANG_WARN_UNGUARDED_AVAILABILITY = YES_AGGRESSIVE;
				CLANG_WARN_UNREACHABLE_CODE = YES;
				CLANG_WARN__DUPLICATE_METHOD_MATCH = YES;
				COPY_PHASE_STRIP = NO;
				DEBUG_INFORMATION_FORMAT = dwarf;
				ENABLE_STRICT_OBJC_MSGSEND = YES;
				ENABLE_TESTABILITY = YES;
				GCC_C_LANGUAGE_STANDARD = gnu11;
				GCC_DYNAMIC_NO_PIC = NO;
				GCC_NO_COMMON_BLOCKS = YES;
				GCC_OPTIMIZATION_LEVEL = 0;
				GCC_PREPROCESSOR_DEFINITIONS = (
					"DEBUG=1",
					"$(inherited)",
				);
				GCC_WARN_64_TO_32_BIT_CONVERSION = YES;
				GCC_WARN_ABOUT_RETURN_TYPE = YES_ERROR;
				GCC_WARN_UNDECLARED_SELECTOR = YES;
				GCC_WARN_UNINITIALIZED_AUTOS = YES_AGGRESSIVE;
				GCC_WARN_UNUSED_FUNCTION = YES;
				GCC_WARN_UNUSED_VARIABLE = YES;
				IPHONEOS_DEPLOYMENT_TARGET = 14.4;
				MTL_ENABLE_DEBUG_INFO = INCLUDE_SOURCE;
				MTL_FAST_MATH = YES;
				ONLY_ACTIVE_ARCH = YES;
				SDKROOT = iphoneos;
				SWIFT_ACTIVE_COMPILATION_CONDITIONS = DEBUG;
				SWIFT_OPTIMIZATION_LEVEL = "-Onone";
			};
			name = Debug;
		};
		8404489B2646796500C8EA7F /* Release */ = {
			isa = XCBuildConfiguration;
			buildSettings = {
				ALWAYS_SEARCH_USER_PATHS = NO;
				CLANG_ANALYZER_NONNULL = YES;
				CLANG_ANALYZER_NUMBER_OBJECT_CONVERSION = YES_AGGRESSIVE;
				CLANG_CXX_LANGUAGE_STANDARD = "gnu++14";
				CLANG_CXX_LIBRARY = "libc++";
				CLANG_ENABLE_MODULES = YES;
				CLANG_ENABLE_OBJC_ARC = YES;
				CLANG_ENABLE_OBJC_WEAK = YES;
				CLANG_WARN_BLOCK_CAPTURE_AUTORELEASING = YES;
				CLANG_WARN_BOOL_CONVERSION = YES;
				CLANG_WARN_COMMA = YES;
				CLANG_WARN_CONSTANT_CONVERSION = YES;
				CLANG_WARN_DEPRECATED_OBJC_IMPLEMENTATIONS = YES;
				CLANG_WARN_DIRECT_OBJC_ISA_USAGE = YES_ERROR;
				CLANG_WARN_DOCUMENTATION_COMMENTS = YES;
				CLANG_WARN_EMPTY_BODY = YES;
				CLANG_WARN_ENUM_CONVERSION = YES;
				CLANG_WARN_INFINITE_RECURSION = YES;
				CLANG_WARN_INT_CONVERSION = YES;
				CLANG_WARN_NON_LITERAL_NULL_CONVERSION = YES;
				CLANG_WARN_OBJC_IMPLICIT_RETAIN_SELF = YES;
				CLANG_WARN_OBJC_LITERAL_CONVERSION = YES;
				CLANG_WARN_OBJC_ROOT_CLASS = YES_ERROR;
				CLANG_WARN_QUOTED_INCLUDE_IN_FRAMEWORK_HEADER = YES;
				CLANG_WARN_RANGE_LOOP_ANALYSIS = YES;
				CLANG_WARN_STRICT_PROTOTYPES = YES;
				CLANG_WARN_SUSPICIOUS_MOVE = YES;
				CLANG_WARN_UNGUARDED_AVAILABILITY = YES_AGGRESSIVE;
				CLANG_WARN_UNREACHABLE_CODE = YES;
				CLANG_WARN__DUPLICATE_METHOD_MATCH = YES;
				COPY_PHASE_STRIP = NO;
				DEBUG_INFORMATION_FORMAT = "dwarf-with-dsym";
				ENABLE_NS_ASSERTIONS = NO;
				ENABLE_STRICT_OBJC_MSGSEND = YES;
				GCC_C_LANGUAGE_STANDARD = gnu11;
				GCC_NO_COMMON_BLOCKS = YES;
				GCC_WARN_64_TO_32_BIT_CONVERSION = YES;
				GCC_WARN_ABOUT_RETURN_TYPE = YES_ERROR;
				GCC_WARN_UNDECLARED_SELECTOR = YES;
				GCC_WARN_UNINITIALIZED_AUTOS = YES_AGGRESSIVE;
				GCC_WARN_UNUSED_FUNCTION = YES;
				GCC_WARN_UNUSED_VARIABLE = YES;
				IPHONEOS_DEPLOYMENT_TARGET = 14.4;
				MTL_ENABLE_DEBUG_INFO = NO;
				MTL_FAST_MATH = YES;
				SDKROOT = iphoneos;
				SWIFT_COMPILATION_MODE = wholemodule;
				SWIFT_OPTIMIZATION_LEVEL = "-O";
				VALIDATE_PRODUCT = YES;
			};
			name = Release;
		};
		8404489D2646796500C8EA7F /* Debug */ = {
			isa = XCBuildConfiguration;
			buildSettings = {
				ASSETCATALOG_COMPILER_APPICON_NAME = AppIcon;
				ASSETCATALOG_COMPILER_GLOBAL_ACCENT_COLOR_NAME = AccentColor;
				CODE_SIGN_STYLE = Automatic;
				DEVELOPMENT_TEAM = 3EMGGLWTE3;
				INFOPLIST_FILE = "Homework-iOS/Info.plist";
				LD_RUNPATH_SEARCH_PATHS = (
					"$(inherited)",
					"@executable_path/Frameworks",
				);
				PRODUCT_BUNDLE_IDENTIFIER = "com.zahid.Homework-iOS";
				PRODUCT_NAME = "$(TARGET_NAME)";
				SWIFT_VERSION = 5.0;
				TARGETED_DEVICE_FAMILY = "1,2";
			};
			name = Debug;
		};
		8404489E2646796500C8EA7F /* Release */ = {
			isa = XCBuildConfiguration;
			buildSettings = {
				ASSETCATALOG_COMPILER_APPICON_NAME = AppIcon;
				ASSETCATALOG_COMPILER_GLOBAL_ACCENT_COLOR_NAME = AccentColor;
				CODE_SIGN_STYLE = Automatic;
				DEVELOPMENT_TEAM = 3EMGGLWTE3;
				INFOPLIST_FILE = "Homework-iOS/Info.plist";
				LD_RUNPATH_SEARCH_PATHS = (
					"$(inherited)",
					"@executable_path/Frameworks",
				);
				PRODUCT_BUNDLE_IDENTIFIER = "com.zahid.Homework-iOS";
				PRODUCT_NAME = "$(TARGET_NAME)";
				SWIFT_VERSION = 5.0;
				TARGETED_DEVICE_FAMILY = "1,2";
			};
			name = Release;
		};
		840448A02646796500C8EA7F /* Debug */ = {
			isa = XCBuildConfiguration;
			buildSettings = {
				ALWAYS_EMBED_SWIFT_STANDARD_LIBRARIES = YES;
				BUNDLE_LOADER = "$(TEST_HOST)";
				CODE_SIGN_STYLE = Automatic;
				DEVELOPMENT_TEAM = 3EMGGLWTE3;
				INFOPLIST_FILE = "Homework-iOSTests/Info.plist";
				IPHONEOS_DEPLOYMENT_TARGET = 14.4;
				LD_RUNPATH_SEARCH_PATHS = (
					"$(inherited)",
					"@executable_path/Frameworks",
					"@loader_path/Frameworks",
				);
				PRODUCT_BUNDLE_IDENTIFIER = "com.zahid.Homework-iOSTests";
				PRODUCT_NAME = "$(TARGET_NAME)";
				SWIFT_VERSION = 5.0;
				TARGETED_DEVICE_FAMILY = "1,2";
				TEST_HOST = "$(BUILT_PRODUCTS_DIR)/Homework-iOS.app/Homework-iOS";
			};
			name = Debug;
		};
		840448A12646796500C8EA7F /* Release */ = {
			isa = XCBuildConfiguration;
			buildSettings = {
				ALWAYS_EMBED_SWIFT_STANDARD_LIBRARIES = YES;
				BUNDLE_LOADER = "$(TEST_HOST)";
				CODE_SIGN_STYLE = Automatic;
				DEVELOPMENT_TEAM = 3EMGGLWTE3;
				INFOPLIST_FILE = "Homework-iOSTests/Info.plist";
				IPHONEOS_DEPLOYMENT_TARGET = 14.4;
				LD_RUNPATH_SEARCH_PATHS = (
					"$(inherited)",
					"@executable_path/Frameworks",
					"@loader_path/Frameworks",
				);
				PRODUCT_BUNDLE_IDENTIFIER = "com.zahid.Homework-iOSTests";
				PRODUCT_NAME = "$(TARGET_NAME)";
				SWIFT_VERSION = 5.0;
				TARGETED_DEVICE_FAMILY = "1,2";
				TEST_HOST = "$(BUILT_PRODUCTS_DIR)/Homework-iOS.app/Homework-iOS";
			};
			name = Release;
		};
		840448A32646796500C8EA7F /* Debug */ = {
			isa = XCBuildConfiguration;
			buildSettings = {
				ALWAYS_EMBED_SWIFT_STANDARD_LIBRARIES = YES;
				CODE_SIGN_STYLE = Automatic;
				DEVELOPMENT_TEAM = 3EMGGLWTE3;
				INFOPLIST_FILE = "Homework-iOSUITests/Info.plist";
				LD_RUNPATH_SEARCH_PATHS = (
					"$(inherited)",
					"@executable_path/Frameworks",
					"@loader_path/Frameworks",
				);
				PRODUCT_BUNDLE_IDENTIFIER = "com.zahid.Homework-iOSUITests";
				PRODUCT_NAME = "$(TARGET_NAME)";
				SWIFT_VERSION = 5.0;
				TARGETED_DEVICE_FAMILY = "1,2";
				TEST_TARGET_NAME = "Homework-iOS";
			};
			name = Debug;
		};
		840448A42646796500C8EA7F /* Release */ = {
			isa = XCBuildConfiguration;
			buildSettings = {
				ALWAYS_EMBED_SWIFT_STANDARD_LIBRARIES = YES;
				CODE_SIGN_STYLE = Automatic;
				DEVELOPMENT_TEAM = 3EMGGLWTE3;
				INFOPLIST_FILE = "Homework-iOSUITests/Info.plist";
				LD_RUNPATH_SEARCH_PATHS = (
					"$(inherited)",
					"@executable_path/Frameworks",
					"@loader_path/Frameworks",
				);
				PRODUCT_BUNDLE_IDENTIFIER = "com.zahid.Homework-iOSUITests";
				PRODUCT_NAME = "$(TARGET_NAME)";
				SWIFT_VERSION = 5.0;
				TARGETED_DEVICE_FAMILY = "1,2";
				TEST_TARGET_NAME = "Homework-iOS";
			};
			name = Release;
		};
/* End XCBuildConfiguration section */

/* Begin XCConfigurationList section */
		8404486A2646796300C8EA7F /* Build configuration list for PBXProject "Homework-iOS" */ = {
			isa = XCConfigurationList;
			buildConfigurations = (
				8404489A2646796500C8EA7F /* Debug */,
				8404489B2646796500C8EA7F /* Release */,
			);
			defaultConfigurationIsVisible = 0;
			defaultConfigurationName = Release;
		};
		8404489C2646796500C8EA7F /* Build configuration list for PBXNativeTarget "Homework-iOS" */ = {
			isa = XCConfigurationList;
			buildConfigurations = (
				8404489D2646796500C8EA7F /* Debug */,
				8404489E2646796500C8EA7F /* Release */,
			);
			defaultConfigurationIsVisible = 0;
			defaultConfigurationName = Release;
		};
		8404489F2646796500C8EA7F /* Build configuration list for PBXNativeTarget "Homework-iOSTests" */ = {
			isa = XCConfigurationList;
			buildConfigurations = (
				840448A02646796500C8EA7F /* Debug */,
				840448A12646796500C8EA7F /* Release */,
			);
			defaultConfigurationIsVisible = 0;
			defaultConfigurationName = Release;
		};
		840448A22646796500C8EA7F /* Build configuration list for PBXNativeTarget "Homework-iOSUITests" */ = {
			isa = XCConfigurationList;
			buildConfigurations = (
				840448A32646796500C8EA7F /* Debug */,
				840448A42646796500C8EA7F /* Release */,
			);
			defaultConfigurationIsVisible = 0;
			defaultConfigurationName = Release;
		};
/* End XCConfigurationList section */

/* Begin XCVersionGroup section */
		8404487B2646796300C8EA7F /* Homework_iOS.xcdatamodeld */ = {
			isa = XCVersionGroup;
			children = (
				8404487C2646796300C8EA7F /* Homework_iOS.xcdatamodel */,
			);
			currentVersion = 8404487C2646796300C8EA7F /* Homework_iOS.xcdatamodel */;
			path = Homework_iOS.xcdatamodeld;
			sourceTree = "<group>";
			versionGroupType = wrapper.xcdatamodel;
		};
/* End XCVersionGroup section */
	};
	rootObject = 840448672646796300C8EA7F /* Project object */;
}
